
Microsoft Visual Studio Solution File, Format Version 12.00
# Visual Studio Version 17
VisualStudioVersion = 17.4.33122.133
MinimumVisualStudioVersion = 10.0.40219.1
Project("{9A19103F-16F7-4668-BE54-9A1E7A4F7556}") = "DALL", "DALL\DALL.csproj", "{5E45C2BC-CB92-4E26-8D4C-19DFD0F7DF48}"
	ProjectSection(ProjectDependencies) = postProject
		{D607B183-053F-4B1A-B70E-B1AF8A952710} = {D607B183-053F-4B1A-B70E-B1AF8A952710}
	EndProjectSection
EndProject
Project("{9A19103F-16F7-4668-BE54-9A1E7A4F7556}") = "CORE", "CORE\CORE.csproj", "{D607B183-053F-4B1A-B70E-B1AF8A952710}"
EndProject
Project("{9A19103F-16F7-4668-BE54-9A1E7A4F7556}") = "WEB", "WEB\WEB.csproj", "{6AFD6BEF-1F1E-4D76-A547-B808E3B47804}"
EndProject
Global
	GlobalSection(SolutionConfigurationPlatforms) = preSolution
		Debug|Any CPU = Debug|Any CPU
		Release|Any CPU = Release|Any CPU
	EndGlobalSection
	GlobalSection(ProjectConfigurationPlatforms) = postSolution
		{5E45C2BC-CB92-4E26-8D4C-19DFD0F7DF48}.Debug|Any CPU.ActiveCfg = Debug|Any CPU
		{5E45C2BC-CB92-4E26-8D4C-19DFD0F7DF48}.Debug|Any CPU.Build.0 = Debug|Any CPU
		{5E45C2BC-CB92-4E26-8D4C-19DFD0F7DF48}.Release|Any CPU.ActiveCfg = Release|Any CPU
		{5E45C2BC-CB92-4E26-8D4C-19DFD0F7DF48}.Release|Any CPU.Build.0 = Release|Any CPU
		{D607B183-053F-4B1A-B70E-B1AF8A952710}.Debug|Any CPU.ActiveCfg = Debug|Any CPU
		{D607B183-053F-4B1A-B70E-B1AF8A952710}.Debug|Any CPU.Build.0 = Debug|Any CPU
		{D607B183-053F-4B1A-B70E-B1AF8A952710}.Release|Any CPU.ActiveCfg = Release|Any CPU
		{D607B183-053F-4B1A-B70E-B1AF8A952710}.Release|Any CPU.Build.0 = Release|Any CPU
		{6AFD6BEF-1F1E-4D76-A547-B808E3B47804}.Debug|Any CPU.ActiveCfg = Debug|Any CPU
		{6AFD6BEF-1F1E-4D76-A547-B808E3B47804}.Debug|Any CPU.Build.0 = Debug|Any CPU
		{6AFD6BEF-1F1E-4D76-A547-B808E3B47804}.Release|Any CPU.ActiveCfg = Release|Any CPU
		{6AFD6BEF-1F1E-4D76-A547-B808E3B47804}.Release|Any CPU.Build.0 = Release|Any CPU
	EndGlobalSection
	GlobalSection(SolutionProperties) = preSolution
		HideSolutionNode = FALSE
	EndGlobalSection
	GlobalSection(ExtensibilityGlobals) = postSolution
		SolutionGuid = {2B3B0DB4-9E24-4E48-AF47-D440705D47D7}
	EndGlobalSection
EndGlobal
